// !$*UTF8*$!
{
	archiveVersion = 1;
	classes = {
	};
	objectVersion = 56;
	objects = {

/* Begin PBXBuildFile section */
		BCBEBC2F2D82F7100048C61D /* WaterEjectApp.swift in Sources */ = {isa = PBXBuildFile; fileRef = BCBEBC2E2D82F7100048C61D /* WaterEjectApp.swift */; };
		BCBEBC312D82F7100048C61D /* WaterEjectView.swift in Sources */ = {isa = PBXBuildFile; fileRef = BCBEBC302D82F7100048C61D /* WaterEjectView.swift */; };
		BCBEBC332D82F7120048C61D /* Assets.xcassets in Resources */ = {isa = PBXBuildFile; fileRef = BCBEBC322D82F7120048C61D /* Assets.xcassets */; };
		BCBEBC362D82F7120048C61D /* Preview Assets.xcassets in Resources */ = {isa = PBXBuildFile; fileRef = BCBEBC352D82F7120048C61D /* Preview Assets.xcassets */; };
		BCBEBC3D2D82FB700048C61D /* AudioEngine.swift in Sources */ = {isa = PBXBuildFile; fileRef = BCBEBC3C2D82FB700048C61D /* AudioEngine.swift */; };
		BCBEBC3F2D82FBB90048C61D /* WaterEjectViewModel.swift in Sources */ = {isa = PBXBuildFile; fileRef = BCBEBC3E2D82FBB90048C61D /* WaterEjectViewModel.swift */; };
		BCBEBC412D8328E10048C61D /* ToneGeneratorView.swift in Sources */ = {isa = PBXBuildFile; fileRef = BCBEBC402D8328E00048C61D /* ToneGeneratorView.swift */; };
		BCBEBC432D83299A0048C61D /* ToneGeneratorViewModel.swift in Sources */ = {isa = PBXBuildFile; fileRef = BCBEBC422D83299A0048C61D /* ToneGeneratorViewModel.swift */; };
		BCBEBC452D832E500048C61D /* MainTabView.swift in Sources */ = {isa = PBXBuildFile; fileRef = BCBEBC442D832E500048C61D /* MainTabView.swift */; };
		BCBEBC472D8424980048C61D /* DBMeterView.swift in Sources */ = {isa = PBXBuildFile; fileRef = BCBEBC462D8424980048C61D /* DBMeterView.swift */; };
		BCBEBC492D8424AB0048C61D /* DBMeterViewModel.swift in Sources */ = {isa = PBXBuildFile; fileRef = BCBEBC482D8424AB0048C61D /* DBMeterViewModel.swift */; };
		BCBEBC502D842E840048C61D /* NavigationBar.swift in Sources */ = {isa = PBXBuildFile; fileRef = BCBEBC4F2D842E840048C61D /* NavigationBar.swift */; };
		BCBEBC532D844BA20048C61D /* SettingsView.swift in Sources */ = {isa = PBXBuildFile; fileRef = BCBEBC522D844BA20048C61D /* SettingsView.swift */; };
		BCBEBC562D888D060048C61D /* FirebaseAnalytics in Frameworks */ = {isa = PBXBuildFile; productRef = BCBEBC552D888D060048C61D /* FirebaseAnalytics */; };
		BCBEBC582D888D060048C61D /* FirebaseCore in Frameworks */ = {isa = PBXBuildFile; productRef = BCBEBC572D888D060048C61D /* FirebaseCore */; };
		BCBEBC5A2D888D060048C61D /* FirebaseCrashlytics in Frameworks */ = {isa = PBXBuildFile; productRef = BCBEBC592D888D060048C61D /* FirebaseCrashlytics */; };
		BCBEBC5C2D888D060048C61D /* FirebaseDatabase in Frameworks */ = {isa = PBXBuildFile; productRef = BCBEBC5B2D888D060048C61D /* FirebaseDatabase */; };
		BCBEBC5E2D888D060048C61D /* FirebaseRemoteConfig in Frameworks */ = {isa = PBXBuildFile; productRef = BCBEBC5D2D888D060048C61D /* FirebaseRemoteConfig */; };
		BCBEBC6B2D888DE50048C61D /* AlertKit in Frameworks */ = {isa = PBXBuildFile; productRef = BCBEBC6A2D888DE50048C61D /* AlertKit */; };
		BCBEBC6E2D8890C90048C61D /* Adapty in Frameworks */ = {isa = PBXBuildFile; productRef = BCBEBC6D2D8890C90048C61D /* Adapty */; };
		BCBEBC702D8890C90048C61D /* AdaptyPlugin in Frameworks */ = {isa = PBXBuildFile; productRef = BCBEBC6F2D8890C90048C61D /* AdaptyPlugin */; };
		BCBEBC722D8890C90048C61D /* AdaptyUI in Frameworks */ = {isa = PBXBuildFile; productRef = BCBEBC712D8890C90048C61D /* AdaptyUI */; };
		BCCFB59C2DA51F59001E3B14 /* OnboardingView.swift in Sources */ = {isa = PBXBuildFile; fileRef = BCCFB59B2DA51F59001E3B14 /* OnboardingView.swift */; };
		BCCFB59F2DA54F08001E3B14 /* SplashView.swift in Sources */ = {isa = PBXBuildFile; fileRef = BCCFB59E2DA54F08001E3B14 /* SplashView.swift */; };
		BCCFB5A22DA55A8B001E3B14 /* StereoView.swift in Sources */ = {isa = PBXBuildFile; fileRef = BCCFB5A12DA55A8B001E3B14 /* StereoView.swift */; };
		BCCFB5A42DA56467001E3B14 /* music1.wav in Resources */ = {isa = PBXBuildFile; fileRef = BCCFB5A32DA56466001E3B14 /* music1.wav */; };
		BCCFB5A72DA866C7001E3B14 /* AdaptyService.swift in Sources */ = {isa = PBXBuildFile; fileRef = BCCFB5A62DA866C7001E3B14 /* AdaptyService.swift */; };
		BCCFB5A92DA86708001E3B14 /* PaywallStartView.swift in Sources */ = {isa = PBXBuildFile; fileRef = BCCFB5A82DA86708001E3B14 /* PaywallStartView.swift */; };
		BCCFB5AB2DA8672A001E3B14 /* AppPaywallAction.swift in Sources */ = {isa = PBXBuildFile; fileRef = BCCFB5AA2DA8672A001E3B14 /* AppPaywallAction.swift */; };
		BCCFB5AD2DA86758001E3B14 /* PaywallRepository.swift in Sources */ = {isa = PBXBuildFile; fileRef = BCCFB5AC2DA86758001E3B14 /* PaywallRepository.swift */; };
		BCCFB5B02DA86828001E3B14 /* AppStorageManager.swift in Sources */ = {isa = PBXBuildFile; fileRef = BCCFB5AF2DA86827001E3B14 /* AppStorageManager.swift */; };
		BCCFB5B42DA86972001E3B14 /* NetworkService.swift in Sources */ = {isa = PBXBuildFile; fileRef = BCCFB5B32DA86972001E3B14 /* NetworkService.swift */; };
		BCCFB5B72DA869A2001E3B14 /* SmartServiceRouter.swift in Sources */ = {isa = PBXBuildFile; fileRef = BCCFB5B62DA869A2001E3B14 /* SmartServiceRouter.swift */; };
		BCCFB5BA2DA86A4D001E3B14 /* AppOpenResponse.swift in Sources */ = {isa = PBXBuildFile; fileRef = BCCFB5B92DA86A4D001E3B14 /* AppOpenResponse.swift */; };
		BCCFB5BF2DA92F83001E3B14 /* RemoteConfigKey.swift in Sources */ = {isa = PBXBuildFile; fileRef = BCCFB5BE2DA92F83001E3B14 /* RemoteConfigKey.swift */; };
		BCCFB5C12DA92FB4001E3B14 /* RemoteConfigManager.swift in Sources */ = {isa = PBXBuildFile; fileRef = BCCFB5C02DA92FB4001E3B14 /* RemoteConfigManager.swift */; };
		BCCFB5C32DA92FDE001E3B14 /* ConfigKey.swift in Sources */ = {isa = PBXBuildFile; fileRef = BCCFB5C22DA92FDE001E3B14 /* ConfigKey.swift */; };
		BCCFB5C52DA92FF3001E3B14 /* RemoteConfigProtocol.swift in Sources */ = {isa = PBXBuildFile; fileRef = BCCFB5C42DA92FF3001E3B14 /* RemoteConfigProtocol.swift */; };
		BCCFB5C82DA9302E001E3B14 /* AppConfig.swift in Sources */ = {isa = PBXBuildFile; fileRef = BCCFB5C72DA9302E001E3B14 /* AppConfig.swift */; };
		BCCFB5CA2DA93070001E3B14 /* Config.swift in Sources */ = {isa = PBXBuildFile; fileRef = BCCFB5C92DA93070001E3B14 /* Config.swift */; };
		BCCFB5CD2DA9338F001E3B14 /* LogHelper.swift in Sources */ = {isa = PBXBuildFile; fileRef = BCCFB5CC2DA9338F001E3B14 /* LogHelper.swift */; };
		BCCFB5CF2DA9340B001E3B14 /* UIDevice+Ext.swift in Sources */ = {isa = PBXBuildFile; fileRef = BCCFB5CE2DA9340B001E3B14 /* UIDevice+Ext.swift */; };
		BCCFB5D12DA93553001E3B14 /* AppDelegate.swift in Sources */ = {isa = PBXBuildFile; fileRef = BCCFB5D02DA93553001E3B14 /* AppDelegate.swift */; };
		BCCFB5D42DA935F2001E3B14 /* LoadableManager.swift in Sources */ = {isa = PBXBuildFile; fileRef = BCCFB5D32DA935F2001E3B14 /* LoadableManager.swift */; };
		BCCFB5D62DA9368A001E3B14 /* FirebaseLoadableStrategy.swift in Sources */ = {isa = PBXBuildFile; fileRef = BCCFB5D52DA9368A001E3B14 /* FirebaseLoadableStrategy.swift */; };
		BCCFB5D92DA936DC001E3B14 /* KeychainRepository.swift in Sources */ = {isa = PBXBuildFile; fileRef = BCCFB5D82DA936DC001E3B14 /* KeychainRepository.swift */; };
		BCCFB5DC2DA9371A001E3B14 /* KeychainSwift in Frameworks */ = {isa = PBXBuildFile; productRef = BCCFB5DB2DA9371A001E3B14 /* KeychainSwift */; };
		BCCFB5DE2DA93932001E3B14 /* GoogleService-Info.plist in Resources */ = {isa = PBXBuildFile; fileRef = BCCFB5DD2DA93932001E3B14 /* GoogleService-Info.plist */; };
		BCCFB5E02DA94153001E3B14 /* NavigationHost.swift in Sources */ = {isa = PBXBuildFile; fileRef = BCCFB5DF2DA94153001E3B14 /* NavigationHost.swift */; };
		BCCFB5E32DAD17B9001E3B14 /* SevenDaysCleaningView.swift in Sources */ = {isa = PBXBuildFile; fileRef = BCCFB5E22DAD17B9001E3B14 /* SevenDaysCleaningView.swift */; };
		BCCFB5E52DAE3EE7001E3B14 /* GeneralHelper.swift in Sources */ = {isa = PBXBuildFile; fileRef = BCCFB5E42DAE3EE7001E3B14 /* GeneralHelper.swift */; };
		BCCFB6032DAE81B3001E3B14 /* NotificationService.swift in Sources */ = {isa = PBXBuildFile; fileRef = BCCFB6022DAE81B3001E3B14 /* NotificationService.swift */; };
		BCCFB6072DAE81B3001E3B14 /* NotificationExtension.appex in Embed Foundation Extensions */ = {isa = PBXBuildFile; fileRef = BCCFB6002DAE81B3001E3B14 /* NotificationExtension.appex */; settings = {ATTRIBUTES = (RemoveHeadersOnCopy, ); }; };
		BCCFB60D2DAE81FA001E3B14 /* OneSignalExtension in Frameworks */ = {isa = PBXBuildFile; productRef = BCCFB60C2DAE81FA001E3B14 /* OneSignalExtension */; };
		BCCFB60F2DAE81FA001E3B14 /* OneSignalFramework in Frameworks */ = {isa = PBXBuildFile; productRef = BCCFB60E2DAE81FA001E3B14 /* OneSignalFramework */; };
		BCCFB6112DAE8238001E3B14 /* OnesignalLoadableStrategy.swift in Sources */ = {isa = PBXBuildFile; fileRef = BCCFB6102DAE8238001E3B14 /* OnesignalLoadableStrategy.swift */; };
/* End PBXBuildFile section */

/* Begin PBXContainerItemProxy section */
		BCCFB6052DAE81B3001E3B14 /* PBXContainerItemProxy */ = {
			isa = PBXContainerItemProxy;
			containerPortal = BCBEBC232D82F7100048C61D /* Project object */;
			proxyType = 1;
			remoteGlobalIDString = BCCFB5FF2DAE81B3001E3B14;
			remoteInfo = NotificationExtension;
		};
/* End PBXContainerItemProxy section */

/* Begin PBXCopyFilesBuildPhase section */
		BCCFB5FB2DAE8179001E3B14 /* Embed Foundation Extensions */ = {
			isa = PBXCopyFilesBuildPhase;
			buildActionMask = 2147483647;
			dstPath = "";
			dstSubfolderSpec = 13;
			files = (
				BCCFB6072DAE81B3001E3B14 /* NotificationExtension.appex in Embed Foundation Extensions */,
			);
			name = "Embed Foundation Extensions";
			runOnlyForDeploymentPostprocessing = 0;
		};
/* End PBXCopyFilesBuildPhase section */

/* Begin PBXFileReference section */
		BCBEBC2B2D82F7100048C61D /* WaterEject.app */ = {isa = PBXFileReference; explicitFileType = wrapper.application; includeInIndex = 0; path = WaterEject.app; sourceTree = BUILT_PRODUCTS_DIR; };
		BCBEBC2E2D82F7100048C61D /* WaterEjectApp.swift */ = {isa = PBXFileReference; lastKnownFileType = sourcecode.swift; path = WaterEjectApp.swift; sourceTree = "<group>"; };
		BCBEBC302D82F7100048C61D /* WaterEjectView.swift */ = {isa = PBXFileReference; lastKnownFileType = sourcecode.swift; path = WaterEjectView.swift; sourceTree = "<group>"; };
		BCBEBC322D82F7120048C61D /* Assets.xcassets */ = {isa = PBXFileReference; lastKnownFileType = folder.assetcatalog; path = Assets.xcassets; sourceTree = "<group>"; };
		BCBEBC352D82F7120048C61D /* Preview Assets.xcassets */ = {isa = PBXFileReference; lastKnownFileType = folder.assetcatalog; path = "Preview Assets.xcassets"; sourceTree = "<group>"; };
		BCBEBC3C2D82FB700048C61D /* AudioEngine.swift */ = {isa = PBXFileReference; lastKnownFileType = sourcecode.swift; path = AudioEngine.swift; sourceTree = "<group>"; };
		BCBEBC3E2D82FBB90048C61D /* WaterEjectViewModel.swift */ = {isa = PBXFileReference; lastKnownFileType = sourcecode.swift; path = WaterEjectViewModel.swift; sourceTree = "<group>"; };
		BCBEBC402D8328E00048C61D /* ToneGeneratorView.swift */ = {isa = PBXFileReference; lastKnownFileType = sourcecode.swift; path = ToneGeneratorView.swift; sourceTree = "<group>"; };
		BCBEBC422D83299A0048C61D /* ToneGeneratorViewModel.swift */ = {isa = PBXFileReference; lastKnownFileType = sourcecode.swift; path = ToneGeneratorViewModel.swift; sourceTree = "<group>"; };
		BCBEBC442D832E500048C61D /* MainTabView.swift */ = {isa = PBXFileReference; lastKnownFileType = sourcecode.swift; path = MainTabView.swift; sourceTree = "<group>"; };
		BCBEBC462D8424980048C61D /* DBMeterView.swift */ = {isa = PBXFileReference; lastKnownFileType = sourcecode.swift; path = DBMeterView.swift; sourceTree = "<group>"; };
		BCBEBC482D8424AB0048C61D /* DBMeterViewModel.swift */ = {isa = PBXFileReference; lastKnownFileType = sourcecode.swift; path = DBMeterViewModel.swift; sourceTree = "<group>"; };
		BCBEBC4F2D842E840048C61D /* NavigationBar.swift */ = {isa = PBXFileReference; lastKnownFileType = sourcecode.swift; path = NavigationBar.swift; sourceTree = "<group>"; };
		BCBEBC522D844BA20048C61D /* SettingsView.swift */ = {isa = PBXFileReference; lastKnownFileType = sourcecode.swift; path = SettingsView.swift; sourceTree = "<group>"; };
		BCCFB59B2DA51F59001E3B14 /* OnboardingView.swift */ = {isa = PBXFileReference; lastKnownFileType = sourcecode.swift; path = OnboardingView.swift; sourceTree = "<group>"; };
		BCCFB59E2DA54F08001E3B14 /* SplashView.swift */ = {isa = PBXFileReference; lastKnownFileType = sourcecode.swift; path = SplashView.swift; sourceTree = "<group>"; };
		BCCFB5A12DA55A8B001E3B14 /* StereoView.swift */ = {isa = PBXFileReference; lastKnownFileType = sourcecode.swift; path = StereoView.swift; sourceTree = "<group>"; };
		BCCFB5A32DA56466001E3B14 /* music1.wav */ = {isa = PBXFileReference; lastKnownFileType = audio.wav; path = music1.wav; sourceTree = "<group>"; };
		BCCFB5A62DA866C7001E3B14 /* AdaptyService.swift */ = {isa = PBXFileReference; lastKnownFileType = sourcecode.swift; path = AdaptyService.swift; sourceTree = "<group>"; };
		BCCFB5A82DA86708001E3B14 /* PaywallStartView.swift */ = {isa = PBXFileReference; lastKnownFileType = sourcecode.swift; path = PaywallStartView.swift; sourceTree = "<group>"; };
		BCCFB5AA2DA8672A001E3B14 /* AppPaywallAction.swift */ = {isa = PBXFileReference; lastKnownFileType = sourcecode.swift; path = AppPaywallAction.swift; sourceTree = "<group>"; };
		BCCFB5AC2DA86758001E3B14 /* PaywallRepository.swift */ = {isa = PBXFileReference; lastKnownFileType = sourcecode.swift; path = PaywallRepository.swift; sourceTree = "<group>"; };
		BCCFB5AF2DA86827001E3B14 /* AppStorageManager.swift */ = {isa = PBXFileReference; lastKnownFileType = sourcecode.swift; path = AppStorageManager.swift; sourceTree = "<group>"; };
		BCCFB5B32DA86972001E3B14 /* NetworkService.swift */ = {isa = PBXFileReference; lastKnownFileType = sourcecode.swift; path = NetworkService.swift; sourceTree = "<group>"; };
		BCCFB5B62DA869A2001E3B14 /* SmartServiceRouter.swift */ = {isa = PBXFileReference; lastKnownFileType = sourcecode.swift; path = SmartServiceRouter.swift; sourceTree = "<group>"; };
		BCCFB5B92DA86A4D001E3B14 /* AppOpenResponse.swift */ = {isa = PBXFileReference; lastKnownFileType = sourcecode.swift; path = AppOpenResponse.swift; sourceTree = "<group>"; };
		BCCFB5BE2DA92F83001E3B14 /* RemoteConfigKey.swift */ = {isa = PBXFileReference; lastKnownFileType = sourcecode.swift; path = RemoteConfigKey.swift; sourceTree = "<group>"; };
		BCCFB5C02DA92FB4001E3B14 /* RemoteConfigManager.swift */ = {isa = PBXFileReference; lastKnownFileType = sourcecode.swift; path = RemoteConfigManager.swift; sourceTree = "<group>"; };
		BCCFB5C22DA92FDE001E3B14 /* ConfigKey.swift */ = {isa = PBXFileReference; lastKnownFileType = sourcecode.swift; path = ConfigKey.swift; sourceTree = "<group>"; };
		BCCFB5C42DA92FF3001E3B14 /* RemoteConfigProtocol.swift */ = {isa = PBXFileReference; lastKnownFileType = sourcecode.swift; path = RemoteConfigProtocol.swift; sourceTree = "<group>"; };
		BCCFB5C72DA9302E001E3B14 /* AppConfig.swift */ = {isa = PBXFileReference; lastKnownFileType = sourcecode.swift; path = AppConfig.swift; sourceTree = "<group>"; };
		BCCFB5C92DA93070001E3B14 /* Config.swift */ = {isa = PBXFileReference; lastKnownFileType = sourcecode.swift; path = Config.swift; sourceTree = "<group>"; };
		BCCFB5CC2DA9338F001E3B14 /* LogHelper.swift */ = {isa = PBXFileReference; lastKnownFileType = sourcecode.swift; path = LogHelper.swift; sourceTree = "<group>"; };
		BCCFB5CE2DA9340B001E3B14 /* UIDevice+Ext.swift */ = {isa = PBXFileReference; lastKnownFileType = sourcecode.swift; path = "UIDevice+Ext.swift"; sourceTree = "<group>"; };
		BCCFB5D02DA93553001E3B14 /* AppDelegate.swift */ = {isa = PBXFileReference; lastKnownFileType = sourcecode.swift; path = AppDelegate.swift; sourceTree = "<group>"; };
		BCCFB5D32DA935F2001E3B14 /* LoadableManager.swift */ = {isa = PBXFileReference; lastKnownFileType = sourcecode.swift; path = LoadableManager.swift; sourceTree = "<group>"; };
		BCCFB5D52DA9368A001E3B14 /* FirebaseLoadableStrategy.swift */ = {isa = PBXFileReference; lastKnownFileType = sourcecode.swift; path = FirebaseLoadableStrategy.swift; sourceTree = "<group>"; };
		BCCFB5D82DA936DC001E3B14 /* KeychainRepository.swift */ = {isa = PBXFileReference; lastKnownFileType = sourcecode.swift; path = KeychainRepository.swift; sourceTree = "<group>"; };
		BCCFB5DD2DA93932001E3B14 /* GoogleService-Info.plist */ = {isa = PBXFileReference; fileEncoding = 4; lastKnownFileType = text.plist.xml; path = "GoogleService-Info.plist"; sourceTree = "<group>"; };
		BCCFB5DF2DA94153001E3B14 /* NavigationHost.swift */ = {isa = PBXFileReference; lastKnownFileType = sourcecode.swift; path = NavigationHost.swift; sourceTree = SOURCE_ROOT; };
		BCCFB5E22DAD17B9001E3B14 /* SevenDaysCleaningView.swift */ = {isa = PBXFileReference; lastKnownFileType = sourcecode.swift; path = SevenDaysCleaningView.swift; sourceTree = "<group>"; };
		BCCFB5E42DAE3EE7001E3B14 /* GeneralHelper.swift */ = {isa = PBXFileReference; lastKnownFileType = sourcecode.swift; path = GeneralHelper.swift; sourceTree = "<group>"; };
		BCCFB6002DAE81B3001E3B14 /* NotificationExtension.appex */ = {isa = PBXFileReference; explicitFileType = "wrapper.app-extension"; includeInIndex = 0; path = NotificationExtension.appex; sourceTree = BUILT_PRODUCTS_DIR; };
		BCCFB6022DAE81B3001E3B14 /* NotificationService.swift */ = {isa = PBXFileReference; lastKnownFileType = sourcecode.swift; path = NotificationService.swift; sourceTree = "<group>"; };
		BCCFB6042DAE81B3001E3B14 /* Info.plist */ = {isa = PBXFileReference; lastKnownFileType = text.plist.xml; path = Info.plist; sourceTree = "<group>"; };
		BCCFB6102DAE8238001E3B14 /* OnesignalLoadableStrategy.swift */ = {isa = PBXFileReference; lastKnownFileType = sourcecode.swift; path = OnesignalLoadableStrategy.swift; sourceTree = "<group>"; };
/* End PBXFileReference section */

/* Begin PBXFrameworksBuildPhase section */
		BCBEBC282D82F7100048C61D /* Frameworks */ = {
			isa = PBXFrameworksBuildPhase;
			buildActionMask = 2147483647;
			files = (
				BCBEBC722D8890C90048C61D /* AdaptyUI in Frameworks */,
				BCBEBC5A2D888D060048C61D /* FirebaseCrashlytics in Frameworks */,
				BCCFB5DC2DA9371A001E3B14 /* KeychainSwift in Frameworks */,
				BCBEBC6B2D888DE50048C61D /* AlertKit in Frameworks */,
				BCBEBC582D888D060048C61D /* FirebaseCore in Frameworks */,
				BCBEBC5C2D888D060048C61D /* FirebaseDatabase in Frameworks */,
				BCBEBC562D888D060048C61D /* FirebaseAnalytics in Frameworks */,
				BCBEBC6E2D8890C90048C61D /* Adapty in Frameworks */,
				BCBEBC702D8890C90048C61D /* AdaptyPlugin in Frameworks */,
				BCCFB60F2DAE81FA001E3B14 /* OneSignalFramework in Frameworks */,
				BCBEBC5E2D888D060048C61D /* FirebaseRemoteConfig in Frameworks */,
			);
			runOnlyForDeploymentPostprocessing = 0;
		};
		BCCFB5FD2DAE81B3001E3B14 /* Frameworks */ = {
			isa = PBXFrameworksBuildPhase;
			buildActionMask = 2147483647;
			files = (
				BCCFB60D2DAE81FA001E3B14 /* OneSignalExtension in Frameworks */,
			);
			runOnlyForDeploymentPostprocessing = 0;
		};
/* End PBXFrameworksBuildPhase section */

/* Begin PBXGroup section */
		BCBEBC222D82F7100048C61D = {
			isa = PBXGroup;
			children = (
				BCBEBC2D2D82F7100048C61D /* WaterEject */,
				BCCFB6012DAE81B3001E3B14 /* NotificationExtension */,
				BCBEBC2C2D82F7100048C61D /* Products */,
			);
			sourceTree = "<group>";
		};
		BCBEBC2C2D82F7100048C61D /* Products */ = {
			isa = PBXGroup;
			children = (
				BCBEBC2B2D82F7100048C61D /* WaterEject.app */,
				BCCFB6002DAE81B3001E3B14 /* NotificationExtension.appex */,
			);
			name = Products;
			sourceTree = "<group>";
		};
		BCBEBC2D2D82F7100048C61D /* WaterEject */ = {
			isa = PBXGroup;
			children = (
				BCCFB5992DA51ED4001E3B14 /* View */,
				BCBEBC4E2D842E610048C61D /* Navigation */,
				BCCFB5D22DA935E1001E3B14 /* Loadable */,
				BCCFB5D72DA936C6001E3B14 /* Keychain */,
				BCCFB5CB2DA93381001E3B14 /* Helper */,
				BCCFB5C62DA93021001E3B14 /* Constant */,
				BCCFB5BB2DA92F4F001E3B14 /* RemoteConfig */,
				BCCFB5B12DA86959001E3B14 /* Network */,
				BCCFB5E12DAD1785001E3B14 /* Component */,
				BCCFB5AE2DA86816001E3B14 /* Manager */,
				BCCFB5A52DA866B9001E3B14 /* Adapty */,
				BCBEBC682D888D450048C61D /* Extension */,
				BCCFB5DD2DA93932001E3B14 /* GoogleService-Info.plist */,
				BCBEBC322D82F7120048C61D /* Assets.xcassets */,
				BCBEBC342D82F7120048C61D /* Preview Content */,
			);
			path = WaterEject;
			sourceTree = "<group>";
		};
		BCBEBC342D82F7120048C61D /* Preview Content */ = {
			isa = PBXGroup;
			children = (
				BCBEBC352D82F7120048C61D /* Preview Assets.xcassets */,
			);
			path = "Preview Content";
			sourceTree = "<group>";
		};
		BCBEBC4A2D842CC10048C61D /* Application */ = {
			isa = PBXGroup;
			children = (
				BCCFB5D02DA93553001E3B14 /* AppDelegate.swift */,
				BCBEBC2E2D82F7100048C61D /* WaterEjectApp.swift */,
				BCBEBC442D832E500048C61D /* MainTabView.swift */,
			);
			path = Application;
			sourceTree = "<group>";
		};
		BCBEBC4B2D842CCD0048C61D /* WaterEject */ = {
			isa = PBXGroup;
			children = (
				BCBEBC302D82F7100048C61D /* WaterEjectView.swift */,
				BCBEBC3E2D82FBB90048C61D /* WaterEjectViewModel.swift */,
			);
			path = WaterEject;
			sourceTree = "<group>";
		};
		BCBEBC4C2D842CD60048C61D /* ToneGenerator */ = {
			isa = PBXGroup;
			children = (
				BCBEBC402D8328E00048C61D /* ToneGeneratorView.swift */,
				BCBEBC422D83299A0048C61D /* ToneGeneratorViewModel.swift */,
			);
			path = ToneGenerator;
			sourceTree = "<group>";
		};
		BCBEBC4D2D842CE00048C61D /* DBMeter */ = {
			isa = PBXGroup;
			children = (
				BCBEBC462D8424980048C61D /* DBMeterView.swift */,
				BCBEBC482D8424AB0048C61D /* DBMeterViewModel.swift */,
			);
			path = DBMeter;
			sourceTree = "<group>";
		};
		BCBEBC4E2D842E610048C61D /* Navigation */ = {
			isa = PBXGroup;
			children = (
				BCBEBC4F2D842E840048C61D /* NavigationBar.swift */,
				BCCFB5DF2DA94153001E3B14 /* NavigationHost.swift */,
			);
			path = Navigation;
			sourceTree = "<group>";
		};
		BCBEBC512D844B850048C61D /* Settings */ = {
			isa = PBXGroup;
			children = (
				BCBEBC522D844BA20048C61D /* SettingsView.swift */,
			);
			path = Settings;
			sourceTree = "<group>";
		};
		BCBEBC682D888D450048C61D /* Extension */ = {
			isa = PBXGroup;
			children = (
				BCCFB5A32DA56466001E3B14 /* music1.wav */,
				BCBEBC3C2D82FB700048C61D /* AudioEngine.swift */,
				BCCFB5CE2DA9340B001E3B14 /* UIDevice+Ext.swift */,
			);
			path = Extension;
			sourceTree = "<group>";
		};
		BCCFB5992DA51ED4001E3B14 /* View */ = {
			isa = PBXGroup;
			children = (
				BCBEBC4A2D842CC10048C61D /* Application */,
				BCCFB59D2DA54EF8001E3B14 /* Splash */,
				BCCFB59A2DA51EE2001E3B14 /* Onboarding */,
				BCBEBC4B2D842CCD0048C61D /* WaterEject */,
				BCBEBC4C2D842CD60048C61D /* ToneGenerator */,
				BCBEBC4D2D842CE00048C61D /* DBMeter */,
				BCCFB5A02DA55A74001E3B14 /* Stereo */,
				BCBEBC512D844B850048C61D /* Settings */,
			);
			path = View;
			sourceTree = "<group>";
		};
		BCCFB59A2DA51EE2001E3B14 /* Onboarding */ = {
			isa = PBXGroup;
			children = (
				BCCFB59B2DA51F59001E3B14 /* OnboardingView.swift */,
			);
			path = Onboarding;
			sourceTree = "<group>";
		};
		BCCFB59D2DA54EF8001E3B14 /* Splash */ = {
			isa = PBXGroup;
			children = (
				BCCFB59E2DA54F08001E3B14 /* SplashView.swift */,
			);
			path = Splash;
			sourceTree = "<group>";
		};
		BCCFB5A02DA55A74001E3B14 /* Stereo */ = {
			isa = PBXGroup;
			children = (
				BCCFB5A12DA55A8B001E3B14 /* StereoView.swift */,
			);
			path = Stereo;
			sourceTree = "<group>";
		};
		BCCFB5A52DA866B9001E3B14 /* Adapty */ = {
			isa = PBXGroup;
			children = (
				BCCFB5A62DA866C7001E3B14 /* AdaptyService.swift */,
				BCCFB5A82DA86708001E3B14 /* PaywallStartView.swift */,
				BCCFB5AA2DA8672A001E3B14 /* AppPaywallAction.swift */,
				BCCFB5AC2DA86758001E3B14 /* PaywallRepository.swift */,
			);
			path = Adapty;
			sourceTree = "<group>";
		};
		BCCFB5AE2DA86816001E3B14 /* Manager */ = {
			isa = PBXGroup;
			children = (
				BCCFB5AF2DA86827001E3B14 /* AppStorageManager.swift */,
			);
			path = Manager;
			sourceTree = "<group>";
		};
		BCCFB5B12DA86959001E3B14 /* Network */ = {
			isa = PBXGroup;
			children = (
				BCCFB5B82DA86A39001E3B14 /* Response */,
				BCCFB5B52DA86998001E3B14 /* Router */,
				BCCFB5B22DA86962001E3B14 /* Core */,
			);
			path = Network;
			sourceTree = "<group>";
		};
		BCCFB5B22DA86962001E3B14 /* Core */ = {
			isa = PBXGroup;
			children = (
				BCCFB5B32DA86972001E3B14 /* NetworkService.swift */,
			);
			path = Core;
			sourceTree = "<group>";
		};
		BCCFB5B52DA86998001E3B14 /* Router */ = {
			isa = PBXGroup;
			children = (
				BCCFB5B62DA869A2001E3B14 /* SmartServiceRouter.swift */,
			);
			path = Router;
			sourceTree = "<group>";
		};
		BCCFB5B82DA86A39001E3B14 /* Response */ = {
			isa = PBXGroup;
			children = (
				BCCFB5B92DA86A4D001E3B14 /* AppOpenResponse.swift */,
			);
			path = Response;
			sourceTree = "<group>";
		};
		BCCFB5BB2DA92F4F001E3B14 /* RemoteConfig */ = {
			isa = PBXGroup;
			children = (
				BCCFB5BD2DA92F64001E3B14 /* Firebase */,
				BCCFB5BC2DA92F60001E3B14 /* Base */,
			);
			path = RemoteConfig;
			sourceTree = "<group>";
		};
		BCCFB5BC2DA92F60001E3B14 /* Base */ = {
			isa = PBXGroup;
			children = (
				BCCFB5C22DA92FDE001E3B14 /* ConfigKey.swift */,
				BCCFB5C42DA92FF3001E3B14 /* RemoteConfigProtocol.swift */,
			);
			path = Base;
			sourceTree = "<group>";
		};
		BCCFB5BD2DA92F64001E3B14 /* Firebase */ = {
			isa = PBXGroup;
			children = (
				BCCFB5BE2DA92F83001E3B14 /* RemoteConfigKey.swift */,
				BCCFB5C02DA92FB4001E3B14 /* RemoteConfigManager.swift */,
			);
			path = Firebase;
			sourceTree = "<group>";
		};
		BCCFB5C62DA93021001E3B14 /* Constant */ = {
			isa = PBXGroup;
			children = (
				BCCFB5C72DA9302E001E3B14 /* AppConfig.swift */,
				BCCFB5C92DA93070001E3B14 /* Config.swift */,
			);
			path = Constant;
			sourceTree = "<group>";
		};
		BCCFB5CB2DA93381001E3B14 /* Helper */ = {
			isa = PBXGroup;
			children = (
				BCCFB5CC2DA9338F001E3B14 /* LogHelper.swift */,
				BCCFB5E42DAE3EE7001E3B14 /* GeneralHelper.swift */,
			);
			path = Helper;
			sourceTree = "<group>";
		};
		BCCFB5D22DA935E1001E3B14 /* Loadable */ = {
			isa = PBXGroup;
			children = (
				BCCFB5D32DA935F2001E3B14 /* LoadableManager.swift */,
				BCCFB5D52DA9368A001E3B14 /* FirebaseLoadableStrategy.swift */,
				BCCFB6102DAE8238001E3B14 /* OnesignalLoadableStrategy.swift */,
			);
			path = Loadable;
			sourceTree = "<group>";
		};
		BCCFB5D72DA936C6001E3B14 /* Keychain */ = {
			isa = PBXGroup;
			children = (
				BCCFB5D82DA936DC001E3B14 /* KeychainRepository.swift */,
			);
			path = Keychain;
			sourceTree = "<group>";
		};
		BCCFB5E12DAD1785001E3B14 /* Component */ = {
			isa = PBXGroup;
			children = (
				BCCFB5E22DAD17B9001E3B14 /* SevenDaysCleaningView.swift */,
			);
			path = Component;
			sourceTree = "<group>";
		};
		BCCFB6012DAE81B3001E3B14 /* NotificationExtension */ = {
			isa = PBXGroup;
			children = (
				BCCFB6022DAE81B3001E3B14 /* NotificationService.swift */,
				BCCFB6042DAE81B3001E3B14 /* Info.plist */,
			);
			path = NotificationExtension;
			sourceTree = "<group>";
		};
/* End PBXGroup section */

/* Begin PBXNativeTarget section */
		BCBEBC2A2D82F7100048C61D /* WaterEject */ = {
			isa = PBXNativeTarget;
			buildConfigurationList = BCBEBC392D82F7120048C61D /* Build configuration list for PBXNativeTarget "WaterEject" */;
			buildPhases = (
				BCBEBC272D82F7100048C61D /* Sources */,
				BCBEBC282D82F7100048C61D /* Frameworks */,
				BCBEBC292D82F7100048C61D /* Resources */,
				BCCFB5FB2DAE8179001E3B14 /* Embed Foundation Extensions */,
			);
			buildRules = (
			);
			dependencies = (
				BCCFB6062DAE81B3001E3B14 /* PBXTargetDependency */,
			);
			name = WaterEject;
			packageProductDependencies = (
				BCBEBC552D888D060048C61D /* FirebaseAnalytics */,
				BCBEBC572D888D060048C61D /* FirebaseCore */,
				BCBEBC592D888D060048C61D /* FirebaseCrashlytics */,
				BCBEBC5B2D888D060048C61D /* FirebaseDatabase */,
				BCBEBC5D2D888D060048C61D /* FirebaseRemoteConfig */,
				BCBEBC6A2D888DE50048C61D /* AlertKit */,
				BCBEBC6D2D8890C90048C61D /* Adapty */,
				BCBEBC6F2D8890C90048C61D /* AdaptyPlugin */,
				BCBEBC712D8890C90048C61D /* AdaptyUI */,
				BCCFB5DB2DA9371A001E3B14 /* KeychainSwift */,
				BCCFB60E2DAE81FA001E3B14 /* OneSignalFramework */,
			);
			productName = WaterEject;
			productReference = BCBEBC2B2D82F7100048C61D /* WaterEject.app */;
			productType = "com.apple.product-type.application";
		};
		BCCFB5FF2DAE81B3001E3B14 /* NotificationExtension */ = {
			isa = PBXNativeTarget;
			buildConfigurationList = BCCFB6082DAE81B3001E3B14 /* Build configuration list for PBXNativeTarget "NotificationExtension" */;
			buildPhases = (
				BCCFB5FC2DAE81B3001E3B14 /* Sources */,
				BCCFB5FD2DAE81B3001E3B14 /* Frameworks */,
				BCCFB5FE2DAE81B3001E3B14 /* Resources */,
			);
			buildRules = (
			);
			dependencies = (
			);
			name = NotificationExtension;
			packageProductDependencies = (
				BCCFB60C2DAE81FA001E3B14 /* OneSignalExtension */,
			);
			productName = NotificationExtension;
			productReference = BCCFB6002DAE81B3001E3B14 /* NotificationExtension.appex */;
			productType = "com.apple.product-type.app-extension";
		};
/* End PBXNativeTarget section */

/* Begin PBXProject section */
		BCBEBC232D82F7100048C61D /* Project object */ = {
			isa = PBXProject;
			attributes = {
				BuildIndependentTargetsInParallel = 1;
				LastSwiftUpdateCheck = 1520;
				LastUpgradeCheck = 1520;
				TargetAttributes = {
					BCBEBC2A2D82F7100048C61D = {
						CreatedOnToolsVersion = 15.2;
					};
					BCCFB5FF2DAE81B3001E3B14 = {
						CreatedOnToolsVersion = 15.2;
					};
				};
			};
			buildConfigurationList = BCBEBC262D82F7100048C61D /* Build configuration list for PBXProject "WaterEject" */;
			compatibilityVersion = "Xcode 14.0";
			developmentRegion = en;
			hasScannedForEncodings = 0;
			knownRegions = (
				en,
				Base,
			);
			mainGroup = BCBEBC222D82F7100048C61D;
			packageReferences = (
				BCBEBC542D888D060048C61D /* XCRemoteSwiftPackageReference "firebase-ios-sdk" */,
				BCBEBC692D888DE50048C61D /* XCRemoteSwiftPackageReference "AlertKit" */,
				BCBEBC6C2D8890C90048C61D /* XCRemoteSwiftPackageReference "AdaptySDK-iOS" */,
				BCCFB5DA2DA9371A001E3B14 /* XCRemoteSwiftPackageReference "keychain-swift" */,
				BCCFB60B2DAE81F9001E3B14 /* XCRemoteSwiftPackageReference "OneSignal-iOS-SDK" */,
			);
			productRefGroup = BCBEBC2C2D82F7100048C61D /* Products */;
			projectDirPath = "";
			projectRoot = "";
			targets = (
				BCBEBC2A2D82F7100048C61D /* WaterEject */,
				BCCFB5FF2DAE81B3001E3B14 /* NotificationExtension */,
			);
		};
/* End PBXProject section */

/* Begin PBXResourcesBuildPhase section */
		BCBEBC292D82F7100048C61D /* Resources */ = {
			isa = PBXResourcesBuildPhase;
			buildActionMask = 2147483647;
			files = (
				BCBEBC362D82F7120048C61D /* Preview Assets.xcassets in Resources */,
				BCCFB5DE2DA93932001E3B14 /* GoogleService-Info.plist in Resources */,
				BCBEBC332D82F7120048C61D /* Assets.xcassets in Resources */,
				BCCFB5A42DA56467001E3B14 /* music1.wav in Resources */,
			);
			runOnlyForDeploymentPostprocessing = 0;
		};
		BCCFB5FE2DAE81B3001E3B14 /* Resources */ = {
			isa = PBXResourcesBuildPhase;
			buildActionMask = 2147483647;
			files = (
			);
			runOnlyForDeploymentPostprocessing = 0;
		};
/* End PBXResourcesBuildPhase section */

/* Begin PBXSourcesBuildPhase section */
		BCBEBC272D82F7100048C61D /* Sources */ = {
			isa = PBXSourcesBuildPhase;
			buildActionMask = 2147483647;
			files = (
				BCCFB5C82DA9302E001E3B14 /* AppConfig.swift in Sources */,
				BCCFB5BA2DA86A4D001E3B14 /* AppOpenResponse.swift in Sources */,
				BCCFB5A22DA55A8B001E3B14 /* StereoView.swift in Sources */,
				BCCFB5CD2DA9338F001E3B14 /* LogHelper.swift in Sources */,
				BCCFB5E32DAD17B9001E3B14 /* SevenDaysCleaningView.swift in Sources */,
				BCBEBC412D8328E10048C61D /* ToneGeneratorView.swift in Sources */,
				BCBEBC3D2D82FB700048C61D /* AudioEngine.swift in Sources */,
				BCBEBC472D8424980048C61D /* DBMeterView.swift in Sources */,
				BCCFB5A92DA86708001E3B14 /* PaywallStartView.swift in Sources */,
				BCCFB5B02DA86828001E3B14 /* AppStorageManager.swift in Sources */,
				BCCFB5D92DA936DC001E3B14 /* KeychainRepository.swift in Sources */,
				BCCFB5E02DA94153001E3B14 /* NavigationHost.swift in Sources */,
				BCBEBC432D83299A0048C61D /* ToneGeneratorViewModel.swift in Sources */,
				BCBEBC312D82F7100048C61D /* WaterEjectView.swift in Sources */,
				BCBEBC502D842E840048C61D /* NavigationBar.swift in Sources */,
				BCBEBC452D832E500048C61D /* MainTabView.swift in Sources */,
				BCCFB5B42DA86972001E3B14 /* NetworkService.swift in Sources */,
				BCCFB5B72DA869A2001E3B14 /* SmartServiceRouter.swift in Sources */,
				BCBEBC3F2D82FBB90048C61D /* WaterEjectViewModel.swift in Sources */,
				BCCFB59F2DA54F08001E3B14 /* SplashView.swift in Sources */,
				BCCFB5CF2DA9340B001E3B14 /* UIDevice+Ext.swift in Sources */,
				BCBEBC2F2D82F7100048C61D /* WaterEjectApp.swift in Sources */,
				BCCFB5CA2DA93070001E3B14 /* Config.swift in Sources */,
				BCCFB5E52DAE3EE7001E3B14 /* GeneralHelper.swift in Sources */,
				BCCFB5D62DA9368A001E3B14 /* FirebaseLoadableStrategy.swift in Sources */,
				BCCFB59C2DA51F59001E3B14 /* OnboardingView.swift in Sources */,
				BCCFB5C12DA92FB4001E3B14 /* RemoteConfigManager.swift in Sources */,
				BCCFB5D12DA93553001E3B14 /* AppDelegate.swift in Sources */,
				BCCFB5A72DA866C7001E3B14 /* AdaptyService.swift in Sources */,
				BCCFB5AD2DA86758001E3B14 /* PaywallRepository.swift in Sources */,
				BCCFB5AB2DA8672A001E3B14 /* AppPaywallAction.swift in Sources */,
				BCCFB5C32DA92FDE001E3B14 /* ConfigKey.swift in Sources */,
				BCBEBC492D8424AB0048C61D /* DBMeterViewModel.swift in Sources */,
				BCCFB5C52DA92FF3001E3B14 /* RemoteConfigProtocol.swift in Sources */,
				BCBEBC532D844BA20048C61D /* SettingsView.swift in Sources */,
				BCCFB6112DAE8238001E3B14 /* OnesignalLoadableStrategy.swift in Sources */,
				BCCFB5BF2DA92F83001E3B14 /* RemoteConfigKey.swift in Sources */,
				BCCFB5D42DA935F2001E3B14 /* LoadableManager.swift in Sources */,
			);
			runOnlyForDeploymentPostprocessing = 0;
		};
		BCCFB5FC2DAE81B3001E3B14 /* Sources */ = {
			isa = PBXSourcesBuildPhase;
			buildActionMask = 2147483647;
			files = (
				BCCFB6032DAE81B3001E3B14 /* NotificationService.swift in Sources */,
			);
			runOnlyForDeploymentPostprocessing = 0;
		};
/* End PBXSourcesBuildPhase section */

/* Begin PBXTargetDependency section */
		BCCFB6062DAE81B3001E3B14 /* PBXTargetDependency */ = {
			isa = PBXTargetDependency;
			target = BCCFB5FF2DAE81B3001E3B14 /* NotificationExtension */;
			targetProxy = BCCFB6052DAE81B3001E3B14 /* PBXContainerItemProxy */;
		};
/* End PBXTargetDependency section */

/* Begin XCBuildConfiguration section */
		BCBEBC372D82F7120048C61D /* Debug */ = {
			isa = XCBuildConfiguration;
			buildSettings = {
				ALWAYS_SEARCH_USER_PATHS = NO;
				ASSETCATALOG_COMPILER_GENERATE_SWIFT_ASSET_SYMBOL_EXTENSIONS = YES;
				CLANG_ANALYZER_NONNULL = YES;
				CLANG_ANALYZER_NUMBER_OBJECT_CONVERSION = YES_AGGRESSIVE;
				CLANG_CXX_LANGUAGE_STANDARD = "gnu++20";
				CLANG_ENABLE_MODULES = YES;
				CLANG_ENABLE_OBJC_ARC = YES;
				CLANG_ENABLE_OBJC_WEAK = YES;
				CLANG_WARN_BLOCK_CAPTURE_AUTORELEASING = YES;
				CLANG_WARN_BOOL_CONVERSION = YES;
				CLANG_WARN_COMMA = YES;
				CLANG_WARN_CONSTANT_CONVERSION = YES;
				CLANG_WARN_DEPRECATED_OBJC_IMPLEMENTATIONS = YES;
				CLANG_WARN_DIRECT_OBJC_ISA_USAGE = YES_ERROR;
				CLANG_WARN_DOCUMENTATION_COMMENTS = YES;
				CLANG_WARN_EMPTY_BODY = YES;
				CLANG_WARN_ENUM_CONVERSION = YES;
				CLANG_WARN_INFINITE_RECURSION = YES;
				CLANG_WARN_INT_CONVERSION = YES;
				CLANG_WARN_NON_LITERAL_NULL_CONVERSION = YES;
				CLANG_WARN_OBJC_IMPLICIT_RETAIN_SELF = YES;
				CLANG_WARN_OBJC_LITERAL_CONVERSION = YES;
				CLANG_WARN_OBJC_ROOT_CLASS = YES_ERROR;
				CLANG_WARN_QUOTED_INCLUDE_IN_FRAMEWORK_HEADER = YES;
				CLANG_WARN_RANGE_LOOP_ANALYSIS = YES;
				CLANG_WARN_STRICT_PROTOTYPES = YES;
				CLANG_WARN_SUSPICIOUS_MOVE = YES;
				CLANG_WARN_UNGUARDED_AVAILABILITY = YES_AGGRESSIVE;
				CLANG_WARN_UNREACHABLE_CODE = YES;
				CLANG_WARN__DUPLICATE_METHOD_MATCH = YES;
				COPY_PHASE_STRIP = NO;
				DEBUG_INFORMATION_FORMAT = dwarf;
				ENABLE_STRICT_OBJC_MSGSEND = YES;
				ENABLE_TESTABILITY = YES;
				ENABLE_USER_SCRIPT_SANDBOXING = YES;
				GCC_C_LANGUAGE_STANDARD = gnu17;
				GCC_DYNAMIC_NO_PIC = NO;
				GCC_NO_COMMON_BLOCKS = YES;
				GCC_OPTIMIZATION_LEVEL = 0;
				GCC_PREPROCESSOR_DEFINITIONS = (
					"DEBUG=1",
					"$(inherited)",
				);
				GCC_WARN_64_TO_32_BIT_CONVERSION = YES;
				GCC_WARN_ABOUT_RETURN_TYPE = YES_ERROR;
				GCC_WARN_UNDECLARED_SELECTOR = YES;
				GCC_WARN_UNINITIALIZED_AUTOS = YES_AGGRESSIVE;
				GCC_WARN_UNUSED_FUNCTION = YES;
				GCC_WARN_UNUSED_VARIABLE = YES;
				IPHONEOS_DEPLOYMENT_TARGET = 17.0;
				LOCALIZATION_PREFERS_STRING_CATALOGS = YES;
				MTL_ENABLE_DEBUG_INFO = INCLUDE_SOURCE;
				MTL_FAST_MATH = YES;
				ONLY_ACTIVE_ARCH = YES;
				SDKROOT = iphoneos;
				SWIFT_ACTIVE_COMPILATION_CONDITIONS = "DEBUG $(inherited)";
				SWIFT_OPTIMIZATION_LEVEL = "-Onone";
			};
			name = Debug;
		};
		BCBEBC382D82F7120048C61D /* Release */ = {
			isa = XCBuildConfiguration;
			buildSettings = {
				ALWAYS_SEARCH_USER_PATHS = NO;
				ASSETCATALOG_COMPILER_GENERATE_SWIFT_ASSET_SYMBOL_EXTENSIONS = YES;
				CLANG_ANALYZER_NONNULL = YES;
				CLANG_ANALYZER_NUMBER_OBJECT_CONVERSION = YES_AGGRESSIVE;
				CLANG_CXX_LANGUAGE_STANDARD = "gnu++20";
				CLANG_ENABLE_MODULES = YES;
				CLANG_ENABLE_OBJC_ARC = YES;
				CLANG_ENABLE_OBJC_WEAK = YES;
				CLANG_WARN_BLOCK_CAPTURE_AUTORELEASING = YES;
				CLANG_WARN_BOOL_CONVERSION = YES;
				CLANG_WARN_COMMA = YES;
				CLANG_WARN_CONSTANT_CONVERSION = YES;
				CLANG_WARN_DEPRECATED_OBJC_IMPLEMENTATIONS = YES;
				CLANG_WARN_DIRECT_OBJC_ISA_USAGE = YES_ERROR;
				CLANG_WARN_DOCUMENTATION_COMMENTS = YES;
				CLANG_WARN_EMPTY_BODY = YES;
				CLANG_WARN_ENUM_CONVERSION = YES;
				CLANG_WARN_INFINITE_RECURSION = YES;
				CLANG_WARN_INT_CONVERSION = YES;
				CLANG_WARN_NON_LITERAL_NULL_CONVERSION = YES;
				CLANG_WARN_OBJC_IMPLICIT_RETAIN_SELF = YES;
				CLANG_WARN_OBJC_LITERAL_CONVERSION = YES;
				CLANG_WARN_OBJC_ROOT_CLASS = YES_ERROR;
				CLANG_WARN_QUOTED_INCLUDE_IN_FRAMEWORK_HEADER = YES;
				CLANG_WARN_RANGE_LOOP_ANALYSIS = YES;
				CLANG_WARN_STRICT_PROTOTYPES = YES;
				CLANG_WARN_SUSPICIOUS_MOVE = YES;
				CLANG_WARN_UNGUARDED_AVAILABILITY = YES_AGGRESSIVE;
				CLANG_WARN_UNREACHABLE_CODE = YES;
				CLANG_WARN__DUPLICATE_METHOD_MATCH = YES;
				COPY_PHASE_STRIP = NO;
				DEBUG_INFORMATION_FORMAT = "dwarf-with-dsym";
				ENABLE_NS_ASSERTIONS = NO;
				ENABLE_STRICT_OBJC_MSGSEND = YES;
				ENABLE_USER_SCRIPT_SANDBOXING = YES;
				GCC_C_LANGUAGE_STANDARD = gnu17;
				GCC_NO_COMMON_BLOCKS = YES;
				GCC_WARN_64_TO_32_BIT_CONVERSION = YES;
				GCC_WARN_ABOUT_RETURN_TYPE = YES_ERROR;
				GCC_WARN_UNDECLARED_SELECTOR = YES;
				GCC_WARN_UNINITIALIZED_AUTOS = YES_AGGRESSIVE;
				GCC_WARN_UNUSED_FUNCTION = YES;
				GCC_WARN_UNUSED_VARIABLE = YES;
				IPHONEOS_DEPLOYMENT_TARGET = 17.0;
				LOCALIZATION_PREFERS_STRING_CATALOGS = YES;
				MTL_ENABLE_DEBUG_INFO = NO;
				MTL_FAST_MATH = YES;
				SDKROOT = iphoneos;
				SWIFT_COMPILATION_MODE = wholemodule;
				VALIDATE_PRODUCT = YES;
			};
			name = Release;
		};
		BCBEBC3A2D82F7120048C61D /* Debug */ = {
			isa = XCBuildConfiguration;
			buildSettings = {
				ALWAYS_EMBED_SWIFT_STANDARD_LIBRARIES = YES;
				ASSETCATALOG_COMPILER_APPICON_NAME = AppIcon;
				ASSETCATALOG_COMPILER_GLOBAL_ACCENT_COLOR_NAME = AccentColor;
				CODE_SIGN_STYLE = Manual;
				CURRENT_PROJECT_VERSION = 1;
				DEVELOPMENT_ASSET_PATHS = "\"WaterEject/Preview Content\"";
				DEVELOPMENT_TEAM = "";
				ENABLE_PREVIEWS = YES;
				GENERATE_INFOPLIST_FILE = YES;
				INFOPLIST_KEY_NSMicrophoneUsageDescription = "We need access to your microphone to measure sound levels.";
				INFOPLIST_KEY_UIApplicationSceneManifest_Generation = YES;
				INFOPLIST_KEY_UIApplicationSupportsIndirectInputEvents = YES;
				INFOPLIST_KEY_UILaunchScreen_Generation = YES;
				INFOPLIST_KEY_UISupportedInterfaceOrientations_iPad = "UIInterfaceOrientationPortrait UIInterfaceOrientationPortraitUpsideDown UIInterfaceOrientationLandscapeLeft UIInterfaceOrientationLandscapeRight";
				INFOPLIST_KEY_UISupportedInterfaceOrientations_iPhone = "UIInterfaceOrientationPortrait UIInterfaceOrientationLandscapeLeft UIInterfaceOrientationLandscapeRight";
				LD_RUNPATH_SEARCH_PATHS = (
					"$(inherited)",
					"@executable_path/Frameworks",
				);
				MARKETING_VERSION = 1.0;
				PRODUCT_BUNDLE_IDENTIFIER = "com.water-eject.app";
				PRODUCT_NAME = "$(TARGET_NAME)";
				PROVISIONING_PROFILE_SPECIFIER = "";
				SWIFT_EMIT_LOC_STRINGS = YES;
				SWIFT_VERSION = 5.0;
				TARGETED_DEVICE_FAMILY = "1,2";
			};
			name = Debug;
		};
		BCBEBC3B2D82F7120048C61D /* Release */ = {
			isa = XCBuildConfiguration;
			buildSettings = {
				ALWAYS_EMBED_SWIFT_STANDARD_LIBRARIES = YES;
				ASSETCATALOG_COMPILER_APPICON_NAME = AppIcon;
				ASSETCATALOG_COMPILER_GLOBAL_ACCENT_COLOR_NAME = AccentColor;
				CODE_SIGN_STYLE = Manual;
				CURRENT_PROJECT_VERSION = 1;
				DEVELOPMENT_ASSET_PATHS = "\"WaterEject/Preview Content\"";
				DEVELOPMENT_TEAM = "";
				ENABLE_PREVIEWS = YES;
				GENERATE_INFOPLIST_FILE = YES;
				INFOPLIST_KEY_NSMicrophoneUsageDescription = "We need access to your microphone to measure sound levels.";
				INFOPLIST_KEY_UIApplicationSceneManifest_Generation = YES;
				INFOPLIST_KEY_UIApplicationSupportsIndirectInputEvents = YES;
				INFOPLIST_KEY_UILaunchScreen_Generation = YES;
				INFOPLIST_KEY_UISupportedInterfaceOrientations_iPad = "UIInterfaceOrientationPortrait UIInterfaceOrientationPortraitUpsideDown UIInterfaceOrientationLandscapeLeft UIInterfaceOrientationLandscapeRight";
				INFOPLIST_KEY_UISupportedInterfaceOrientations_iPhone = "UIInterfaceOrientationPortrait UIInterfaceOrientationLandscapeLeft UIInterfaceOrientationLandscapeRight";
				LD_RUNPATH_SEARCH_PATHS = (
					"$(inherited)",
					"@executable_path/Frameworks",
				);
				MARKETING_VERSION = 1.0;
				PRODUCT_BUNDLE_IDENTIFIER = "com.water-eject.app";
				PRODUCT_NAME = "$(TARGET_NAME)";
				PROVISIONING_PROFILE_SPECIFIER = "";
				SWIFT_EMIT_LOC_STRINGS = YES;
				SWIFT_VERSION = 5.0;
				TARGETED_DEVICE_FAMILY = "1,2";
			};
			name = Release;
		};
		BCCFB6092DAE81B3001E3B14 /* Debug */ = {
			isa = XCBuildConfiguration;
			buildSettings = {
				CODE_SIGN_STYLE = Manual;
				CURRENT_PROJECT_VERSION = 1;
				DEVELOPMENT_TEAM = "";
				GENERATE_INFOPLIST_FILE = YES;
				INFOPLIST_FILE = NotificationExtension/Info.plist;
				INFOPLIST_KEY_CFBundleDisplayName = NotificationExtension;
				INFOPLIST_KEY_NSHumanReadableCopyright = "";
				IPHONEOS_DEPLOYMENT_TARGET = 17.2;
				LD_RUNPATH_SEARCH_PATHS = (
					"$(inherited)",
					"@executable_path/Frameworks",
					"@executable_path/../../Frameworks",
				);
				MARKETING_VERSION = 1.0;
				PRODUCT_BUNDLE_IDENTIFIER = "com.water-eject.app.NotificationExtension";
				PRODUCT_NAME = "$(TARGET_NAME)";
				PROVISIONING_PROFILE_SPECIFIER = "";
				SKIP_INSTALL = YES;
				SWIFT_EMIT_LOC_STRINGS = YES;
				SWIFT_VERSION = 5.0;
				TARGETED_DEVICE_FAMILY = "1,2";
			};
			name = Debug;
		};
		BCCFB60A2DAE81B3001E3B14 /* Release */ = {
			isa = XCBuildConfiguration;
			buildSettings = {
				CODE_SIGN_STYLE = Manual;
				CURRENT_PROJECT_VERSION = 1;
				DEVELOPMENT_TEAM = "";
				GENERATE_INFOPLIST_FILE = YES;
				INFOPLIST_FILE = NotificationExtension/Info.plist;
				INFOPLIST_KEY_CFBundleDisplayName = NotificationExtension;
				INFOPLIST_KEY_NSHumanReadableCopyright = "";
				IPHONEOS_DEPLOYMENT_TARGET = 17.2;
				LD_RUNPATH_SEARCH_PATHS = (
					"$(inherited)",
					"@executable_path/Frameworks",
					"@executable_path/../../Frameworks",
				);
				MARKETING_VERSION = 1.0;
				PRODUCT_BUNDLE_IDENTIFIER = "com.water-eject.app.NotificationExtension";
				PRODUCT_NAME = "$(TARGET_NAME)";
				PROVISIONING_PROFILE_SPECIFIER = "";
				SKIP_INSTALL = YES;
				SWIFT_EMIT_LOC_STRINGS = YES;
				SWIFT_VERSION = 5.0;
				TARGETED_DEVICE_FAMILY = "1,2";
			};
			name = Release;
		};
/* End XCBuildConfiguration section */

/* Begin XCConfigurationList section */
		BCBEBC262D82F7100048C61D /* Build configuration list for PBXProject "WaterEject" */ = {
			isa = XCConfigurationList;
			buildConfigurations = (
				BCBEBC372D82F7120048C61D /* Debug */,
				BCBEBC382D82F7120048C61D /* Release */,
			);
			defaultConfigurationIsVisible = 0;
			defaultConfigurationName = Release;
		};
		BCBEBC392D82F7120048C61D /* Build configuration list for PBXNativeTarget "WaterEject" */ = {
			isa = XCConfigurationList;
			buildConfigurations = (
				BCBEBC3A2D82F7120048C61D /* Debug */,
				BCBEBC3B2D82F7120048C61D /* Release */,
			);
			defaultConfigurationIsVisible = 0;
			defaultConfigurationName = Release;
		};
		BCCFB6082DAE81B3001E3B14 /* Build configuration list for PBXNativeTarget "NotificationExtension" */ = {
			isa = XCConfigurationList;
			buildConfigurations = (
				BCCFB6092DAE81B3001E3B14 /* Debug */,
				BCCFB60A2DAE81B3001E3B14 /* Release */,
			);
			defaultConfigurationIsVisible = 0;
			defaultConfigurationName = Release;
		};
/* End XCConfigurationList section */

/* Begin XCRemoteSwiftPackageReference section */
		BCBEBC542D888D060048C61D /* XCRemoteSwiftPackageReference "firebase-ios-sdk" */ = {
			isa = XCRemoteSwiftPackageReference;
			repositoryURL = "https://github.com/firebase/firebase-ios-sdk";
			requirement = {
				kind = upToNextMajorVersion;
				minimumVersion = 11.10.0;
			};
		};
		BCBEBC692D888DE50048C61D /* XCRemoteSwiftPackageReference "AlertKit" */ = {
			isa = XCRemoteSwiftPackageReference;
			repositoryURL = "https://github.com/sparrowcode/AlertKit";
			requirement = {
				kind = upToNextMajorVersion;
				minimumVersion = 5.1.9;
			};
		};
		BCBEBC6C2D8890C90048C61D /* XCRemoteSwiftPackageReference "AdaptySDK-iOS" */ = {
			isa = XCRemoteSwiftPackageReference;
			repositoryURL = "https://github.com/adaptyteam/AdaptySDK-iOS";
			requirement = {
				kind = upToNextMajorVersion;
				minimumVersion = 3.4.0;
			};
		};
		BCCFB5DA2DA9371A001E3B14 /* XCRemoteSwiftPackageReference "keychain-swift" */ = {
			isa = XCRemoteSwiftPackageReference;
			repositoryURL = "https://github.com/evgenyneu/keychain-swift.git";
			requirement = {
				kind = upToNextMajorVersion;
				minimumVersion = 24.0.0;
			};
		};
		BCCFB60B2DAE81F9001E3B14 /* XCRemoteSwiftPackageReference "OneSignal-iOS-SDK" */ = {
			isa = XCRemoteSwiftPackageReference;
			repositoryURL = "https://github.com/OneSignal/OneSignal-iOS-SDK";
			requirement = {
				kind = upToNextMajorVersion;
				minimumVersion = 5.2.10;
			};
		};
/* End XCRemoteSwiftPackageReference section */

/* Begin XCSwiftPackageProductDependency section */
		BCBEBC552D888D060048C61D /* FirebaseAnalytics */ = {
			isa = XCSwiftPackageProductDependency;
			package = BCBEBC542D888D060048C61D /* XCRemoteSwiftPackageReference "firebase-ios-sdk" */;
			productName = FirebaseAnalytics;
		};
		BCBEBC572D888D060048C61D /* FirebaseCore */ = {
			isa = XCSwiftPackageProductDependency;
			package = BCBEBC542D888D060048C61D /* XCRemoteSwiftPackageReference "firebase-ios-sdk" */;
			productName = FirebaseCore;
		};
		BCBEBC592D888D060048C61D /* FirebaseCrashlytics */ = {
			isa = XCSwiftPackageProductDependency;
			package = BCBEBC542D888D060048C61D /* XCRemoteSwiftPackageReference "firebase-ios-sdk" */;
			productName = FirebaseCrashlytics;
		};
		BCBEBC5B2D888D060048C61D /* FirebaseDatabase */ = {
			isa = XCSwiftPackageProductDependency;
			package = BCBEBC542D888D060048C61D /* XCRemoteSwiftPackageReference "firebase-ios-sdk" */;
			productName = FirebaseDatabase;
		};
		BCBEBC5D2D888D060048C61D /* FirebaseRemoteConfig */ = {
			isa = XCSwiftPackageProductDependency;
			package = BCBEBC542D888D060048C61D /* XCRemoteSwiftPackageReference "firebase-ios-sdk" */;
			productName = FirebaseRemoteConfig;
		};
		BCBEBC6A2D888DE50048C61D /* AlertKit */ = {
			isa = XCSwiftPackageProductDependency;
			package = BCBEBC692D888DE50048C61D /* XCRemoteSwiftPackageReference "AlertKit" */;
			productName = AlertKit;
		};
		BCBEBC6D2D8890C90048C61D /* Adapty */ = {
			isa = XCSwiftPackageProductDependency;
			package = BCBEBC6C2D8890C90048C61D /* XCRemoteSwiftPackageReference "AdaptySDK-iOS" */;
			productName = Adapty;
		};
		BCBEBC6F2D8890C90048C61D /* AdaptyPlugin */ = {
			isa = XCSwiftPackageProductDependency;
			package = BCBEBC6C2D8890C90048C61D /* XCRemoteSwiftPackageReference "AdaptySDK-iOS" */;
			productName = AdaptyPlugin;
		};
		BCBEBC712D8890C90048C61D /* AdaptyUI */ = {
			isa = XCSwiftPackageProductDependency;
			package = BCBEBC6C2D8890C90048C61D /* XCRemoteSwiftPackageReference "AdaptySDK-iOS" */;
			productName = AdaptyUI;
		};
		BCCFB5DB2DA9371A001E3B14 /* KeychainSwift */ = {
			isa = XCSwiftPackageProductDependency;
			package = BCCFB5DA2DA9371A001E3B14 /* XCRemoteSwiftPackageReference "keychain-swift" */;
			productName = KeychainSwift;
		};
		BCCFB60C2DAE81FA001E3B14 /* OneSignalExtension */ = {
			isa = XCSwiftPackageProductDependency;
			package = BCCFB60B2DAE81F9001E3B14 /* XCRemoteSwiftPackageReference "OneSignal-iOS-SDK" */;
			productName = OneSignalExtension;
		};
		BCCFB60E2DAE81FA001E3B14 /* OneSignalFramework */ = {
			isa = XCSwiftPackageProductDependency;
			package = BCCFB60B2DAE81F9001E3B14 /* XCRemoteSwiftPackageReference "OneSignal-iOS-SDK" */;
			productName = OneSignalFramework;
		};
/* End XCSwiftPackageProductDependency section */
	};
	rootObject = BCBEBC232D82F7100048C61D /* Project object */;
}
